// !$*UTF8*$!
{
	archiveVersion = 1;
	classes = {
	};
	objectVersion = 46;
	objects = {

/* Begin PBXBuildFile section */
		CB82B3971EB1ACB7006270D8 /* AppDelegate.swift in Sources */ = {isa = PBXBuildFile; fileRef = CB82B3961EB1ACB7006270D8 /* AppDelegate.swift */; };
		CB82B3991EB1ACB7006270D8 /* ViewController.swift in Sources */ = {isa = PBXBuildFile; fileRef = CB82B3981EB1ACB7006270D8 /* ViewController.swift */; };
		CB82B39C1EB1ACB7006270D8 /* Main.storyboard in Resources */ = {isa = PBXBuildFile; fileRef = CB82B39A1EB1ACB7006270D8 /* Main.storyboard */; };
		CB82B39E1EB1ACB7006270D8 /* Assets.xcassets in Resources */ = {isa = PBXBuildFile; fileRef = CB82B39D1EB1ACB7006270D8 /* Assets.xcassets */; };
		CB82B3A11EB1ACB7006270D8 /* LaunchScreen.storyboard in Resources */ = {isa = PBXBuildFile; fileRef = CB82B39F1EB1ACB7006270D8 /* LaunchScreen.storyboard */; };
		CB82B3A91EB1ADEB006270D8 /* PhotoTweakViewController.swift in Sources */ = {isa = PBXBuildFile; fileRef = CB82B3A81EB1ADEB006270D8 /* PhotoTweakViewController.swift */; };
/* End PBXBuildFile section */

/* Begin PBXFileReference section */
		CB82B3931EB1ACB7006270D8 /* PhotoTweakSwift.app */ = {isa = PBXFileReference; explicitFileType = wrapper.application; includeInIndex = 0; path = PhotoTweakSwift.app; sourceTree = BUILT_PRODUCTS_DIR; };
		CB82B3961EB1ACB7006270D8 /* AppDelegate.swift */ = {isa = PBXFileReference; lastKnownFileType = sourcecode.swift; path = AppDelegate.swift; sourceTree = "<group>"; };
		CB82B3981EB1ACB7006270D8 /* ViewController.swift */ = {isa = PBXFileReference; lastKnownFileType = sourcecode.swift; path = ViewController.swift; sourceTree = "<group>"; };
		CB82B39B1EB1ACB7006270D8 /* Base */ = {isa = PBXFileReference; lastKnownFileType = file.storyboard; name = Base; path = Base.lproj/Main.storyboard; sourceTree = "<group>"; };
		CB82B39D1EB1ACB7006270D8 /* Assets.xcassets */ = {isa = PBXFileReference; lastKnownFileType = folder.assetcatalog; path = Assets.xcassets; sourceTree = "<group>"; };
		CB82B3A01EB1ACB7006270D8 /* Base */ = {isa = PBXFileReference; lastKnownFileType = file.storyboard; name = Base; path = Base.lproj/LaunchScreen.storyboard; sourceTree = "<group>"; };
		CB82B3A21EB1ACB7006270D8 /* Info.plist */ = {isa = PBXFileReference; lastKnownFileType = text.plist.xml; path = Info.plist; sourceTree = "<group>"; };
		CB82B3A81EB1ADEB006270D8 /* PhotoTweakViewController.swift */ = {isa = PBXFileReference; fileEncoding = 4; lastKnownFileType = sourcecode.swift; path = PhotoTweakViewController.swift; sourceTree = "<group>"; };
/* End PBXFileReference section */

/* Begin PBXFrameworksBuildPhase section */
		CB82B3901EB1ACB7006270D8 /* Frameworks */ = {
			isa = PBXFrameworksBuildPhase;
			buildActionMask = 2147483647;
			files = (
			);
			runOnlyForDeploymentPostprocessing = 0;
		};
/* End PBXFrameworksBuildPhase section */

/* Begin PBXGroup section */
		CB82B38A1EB1ACB7006270D8 = {
			isa = PBXGroup;
			children = (
				CB82B3951EB1ACB7006270D8 /* PhotoTweakSwift */,
				CB82B3941EB1ACB7006270D8 /* Products */,
			);
			sourceTree = "<group>";
		};
		CB82B3941EB1ACB7006270D8 /* Products */ = {
			isa = PBXGroup;
			children = (
				CB82B3931EB1ACB7006270D8 /* PhotoTweakSwift.app */,
			);
			name = Products;
			sourceTree = "<group>";
		};
		CB82B3951EB1ACB7006270D8 /* PhotoTweakSwift */ = {
			isa = PBXGroup;
			children = (
				CB82B3A81EB1ADEB006270D8 /* PhotoTweakViewController.swift */,
				CB82B3961EB1ACB7006270D8 /* AppDelegate.swift */,
				CB82B3981EB1ACB7006270D8 /* ViewController.swift */,
				CB82B39A1EB1ACB7006270D8 /* Main.storyboard */,
				CB82B39D1EB1ACB7006270D8 /* Assets.xcassets */,
				CB82B39F1EB1ACB7006270D8 /* LaunchScreen.storyboard */,
				CB82B3A21EB1ACB7006270D8 /* Info.plist */,
			);
			path = PhotoTweakSwift;
			sourceTree = "<group>";
		};
/* End PBXGroup section */

/* Begin PBXNativeTarget section */
		CB82B3921EB1ACB7006270D8 /* PhotoTweakSwift */ = {
			isa = PBXNativeTarget;
			buildConfigurationList = CB82B3A51EB1ACB7006270D8 /* Build configuration list for PBXNativeTarget "PhotoTweakSwift" */;
			buildPhases = (
				CB82B38F1EB1ACB7006270D8 /* Sources */,
				CB82B3901EB1ACB7006270D8 /* Frameworks */,
				CB82B3911EB1ACB7006270D8 /* Resources */,
			);
			buildRules = (
			);
			dependencies = (
			);
			name = PhotoTweakSwift;
			productName = PhotoTweakSwift;
			productReference = CB82B3931EB1ACB7006270D8 /* PhotoTweakSwift.app */;
			productType = "com.apple.product-type.application";
		};
/* End PBXNativeTarget section */

/* Begin PBXProject section */
		CB82B38B1EB1ACB7006270D8 /* Project object */ = {
			isa = PBXProject;
			attributes = {
				LastSwiftUpdateCheck = 0820;
				LastUpgradeCheck = 0820;
				ORGANIZATIONNAME = "Wix ART Work";
				TargetAttributes = {
					CB82B3921EB1ACB7006270D8 = {
						CreatedOnToolsVersion = 8.2.1;
						DevelopmentTeam = JXNW2UV2FJ;
						ProvisioningStyle = Automatic;
					};
				};
			};
			buildConfigurationList = CB82B38E1EB1ACB7006270D8 /* Build configuration list for PBXProject "PhotoTweakSwift" */;
			compatibilityVersion = "Xcode 3.2";
			developmentRegion = English;
			hasScannedForEncodings = 0;
			knownRegions = (
				en,
				Base,
			);
			mainGroup = CB82B38A1EB1ACB7006270D8;
			productRefGroup = CB82B3941EB1ACB7006270D8 /* Products */;
			projectDirPath = "";
			projectRoot = "";
			targets = (
				CB82B3921EB1ACB7006270D8 /* PhotoTweakSwift */,
			);
		};
/* End PBXProject section */

/* Begin PBXResourcesBuildPhase section */
		CB82B3911EB1ACB7006270D8 /* Resources */ = {
			isa = PBXResourcesBuildPhase;
			buildActionMask = 2147483647;
			files = (
				CB82B3A11EB1ACB7006270D8 /* LaunchScreen.storyboard in Resources */,
				CB82B39E1EB1ACB7006270D8 /* Assets.xcassets in Resources */,
				CB82B39C1EB1ACB7006270D8 /* Main.storyboard in Resources */,
			);
			runOnlyForDeploymentPostprocessing = 0;
		};
/* End PBXResourcesBuildPhase section */

/* Begin PBXSourcesBuildPhase section */
		CB82B38F1EB1ACB7006270D8 /* Sources */ = {
			isa = PBXSourcesBuildPhase;
			buildActionMask = 2147483647;
			files = (
				CB82B3A91EB1ADEB006270D8 /* PhotoTweakViewController.swift in Sources */,
				CB82B3991EB1ACB7006270D8 /* ViewController.swift in Sources */,
				CB82B3971EB1ACB7006270D8 /* AppDelegate.swift in Sources */,
			);
			runOnlyForDeploymentPostprocessing = 0;
		};
/* End PBXSourcesBuildPhase section */

/* Begin PBXVariantGroup section */
		CB82B39A1EB1ACB7006270D8 /* Main.storyboard */ = {
			isa = PBXVariantGroup;
			children = (
				CB82B39B1EB1ACB7006270D8 /* Base */,
			);
			name = Main.storyboard;
			sourceTree = "<group>";
		};
		CB82B39F1EB1ACB7006270D8 /* LaunchScreen.storyboard */ = {
			isa = PBXVariantGroup;
			children = (
				CB82B3A01EB1ACB7006270D8 /* Base */,
			);
			name = LaunchScreen.storyboard;
			sourceTree = "<group>";
		};
/* End PBXVariantGroup section */

/* Begin XCBuildConfiguration section */
		CB82B3A31EB1ACB7006270D8 /* Debug */ = {
			isa = XCBuildConfiguration;
			buildSettings = {
				ALWAYS_SEARCH_USER_PATHS = NO;
				CLANG_ANALYZER_NONNULL = YES;
				CLANG_CXX_LANGUAGE_STANDARD = "gnu++0x";
				CLANG_CXX_LIBRARY = "libc++";
				CLANG_ENABLE_MODULES = YES;
				CLANG_ENABLE_OBJC_ARC = YES;
				CLANG_WARN_BOOL_CONVERSION = YES;
				CLANG_WARN_CONSTANT_CONVERSION = YES;
				CLANG_WARN_DIRECT_OBJC_ISA_USAGE = YES_ERROR;
				CLANG_WARN_DOCUMENTATION_COMMENTS = YES;
				CLANG_WARN_EMPTY_BODY = YES;
				CLANG_WARN_ENUM_CONVERSION = YES;
				CLANG_WARN_INFINITE_RECURSION = YES;
				CLANG_WARN_INT_CONVERSION = YES;
				CLANG_WARN_OBJC_ROOT_CLASS = YES_ERROR;
				CLANG_WARN_SUSPICIOUS_MOVE = YES;
				CLANG_WARN_UNREACHABLE_CODE = YES;
				CLANG_WARN__DUPLICATE_METHOD_MATCH = YES;
				"CODE_SIGN_IDENTITY[sdk=iphoneos*]" = "iPhone Developer";
				COPY_PHASE_STRIP = NO;
				DEBUG_INFORMATION_FORMAT = dwarf;
				ENABLE_STRICT_OBJC_MSGSEND = YES;
				ENABLE_TESTABILITY = YES;
				GCC_C_LANGUAGE_STANDARD = gnu99;
				GCC_DYNAMIC_NO_PIC = NO;
				GCC_NO_COMMON_BLOCKS = YES;
				GCC_OPTIMIZATION_LEVEL = 0;
				GCC_PREPROCESSOR_DEFINITIONS = (
					"DEBUG=1",
					"$(inherited)",
				);
				GCC_WARN_64_TO_32_BIT_CONVERSION = YES;
				GCC_WARN_ABOUT_RETURN_TYPE = YES_ERROR;
				GCC_WARN_UNDECLARED_SELECTOR = YES;
				GCC_WARN_UNINITIALIZED_AUTOS = YES_AGGRESSIVE;
				GCC_WARN_UNUSED_FUNCTION = YES;
				GCC_WARN_UNUSED_VARIABLE = YES;
				IPHONEOS_DEPLOYMENT_TARGET = 10.2;
				MTL_ENABLE_DEBUG_INFO = YES;
				ONLY_ACTIVE_ARCH = YES;
				SDKROOT = iphoneos;
				SWIFT_ACTIVE_COMPILATION_CONDITIONS = DEBUG;
				SWIFT_OPTIMIZATION_LEVEL = "-Onone";
			};
			name = Debug;
		};
		CB82B3A41EB1ACB7006270D8 /* Release */ = {
			isa = XCBuildConfiguration;
			buildSettings = {
				ALWAYS_SEARCH_USER_PATHS = NO;
				CLANG_ANALYZER_NONNULL = YES;
				CLANG_CXX_LANGUAGE_STANDARD = "gnu++0x";
				CLANG_CXX_LIBRARY = "libc++";
				CLANG_ENABLE_MODULES = YES;
				CLANG_ENABLE_OBJC_ARC = YES;
				CLANG_WARN_BOOL_CONVERSION = YES;
				CLANG_WARN_CONSTANT_CONVERSION = YES;
				CLANG_WARN_DIRECT_OBJC_ISA_USAGE = YES_ERROR;
				CLANG_WARN_DOCUMENTATION_COMMENTS = YES;
				CLANG_WARN_EMPTY_BODY = YES;
				CLANG_WARN_ENUM_CONVERSION = YES;
				CLANG_WARN_INFINITE_RECURSION = YES;
				CLANG_WARN_INT_CONVERSION = YES;
				CLANG_WARN_OBJC_ROOT_CLASS = YES_ERROR;
				CLANG_WARN_SUSPICIOUS_MOVE = YES;
				CLANG_WARN_UNREACHABLE_CODE = YES;
				CLANG_WARN__DUPLICATE_METHOD_MATCH = YES;
				"CODE_SIGN_IDENTITY[sdk=iphoneos*]" = "iPhone Developer";
				COPY_PHASE_STRIP = NO;
				DEBUG_INFORMATION_FORMAT = "dwarf-with-dsym";
				ENABLE_NS_ASSERTIONS = NO;
				ENABLE_STRICT_OBJC_MSGSEND = YES;
				GCC_C_LANGUAGE_STANDARD = gnu99;
				GCC_NO_COMMON_BLOCKS = YES;
				GCC_WARN_64_TO_32_BIT_CONVERSION = YES;
				GCC_WARN_ABOUT_RETURN_TYPE = YES_ERROR;
				GCC_WARN_UNDECLARED_SELECTOR = YES;
				GCC_WARN_UNINITIALIZED_AUTOS = YES_AGGRESSIVE;
				GCC_WARN_UNUSED_FUNCTION = YES;
				GCC_WARN_UNUSED_VARIABLE = YES;
				IPHONEOS_DEPLOYMENT_TARGET = 10.2;
				MTL_ENABLE_DEBUG_INFO = NO;
				SDKROOT = iphoneos;
				SWIFT_OPTIMIZATION_LEVEL = "-Owholemodule";
				VALIDATE_PRODUCT = YES;
			};
			name = Release;
		};
		CB82B3A61EB1ACB7006270D8 /* Debug */ = {
			isa = XCBuildConfiguration;
			buildSettings = {
				ASSETCATALOG_COMPILER_APPICON_NAME = AppIcon;
				DEVELOPMENT_TEAM = JXNW2UV2FJ;
				INFOPLIST_FILE = PhotoTweakSwift/Info.plist;
				IPHONEOS_DEPLOYMENT_TARGET = 9.0;
				LD_RUNPATH_SEARCH_PATHS = "$(inherited) @executable_path/Frameworks";
				PRODUCT_BUNDLE_IDENTIFIER = com.WixARTWork.PhotoTweakSwift;
				PRODUCT_NAME = "$(TARGET_NAME)";
				SWIFT_VERSION = 2.3;
			};
			name = Debug;
		};
		CB82B3A71EB1ACB7006270D8 /* Release */ = {
			isa = XCBuildConfiguration;
			buildSettings = {
				ASSETCATALOG_COMPILER_APPICON_NAME = AppIcon;
				DEVELOPMENT_TEAM = JXNW2UV2FJ;
				INFOPLIST_FILE = PhotoTweakSwift/Info.plist;
				IPHONEOS_DEPLOYMENT_TARGET = 9.0;
				LD_RUNPATH_SEARCH_PATHS = "$(inherited) @executable_path/Frameworks";
				PRODUCT_BUNDLE_IDENTIFIER = com.WixARTWork.PhotoTweakSwift;
				PRODUCT_NAME = "$(TARGET_NAME)";
				SWIFT_VERSION = 2.3;
			};
			name = Release;
		};
/* End XCBuildConfiguration section */

/* Begin XCConfigurationList section */
		CB82B38E1EB1ACB7006270D8 /* Build configuration list for PBXProject "PhotoTweakSwift" */ = {
			isa = XCConfigurationList;
			buildConfigurations = (
				CB82B3A31EB1ACB7006270D8 /* Debug */,
				CB82B3A41EB1ACB7006270D8 /* Release */,
			);
			defaultConfigurationIsVisible = 0;
			defaultConfigurationName = Release;
		};
		CB82B3A51EB1ACB7006270D8 /* Build configuration list for PBXNativeTarget "PhotoTweakSwift" */ = {
			isa = XCConfigurationList;
			buildConfigurations = (
				CB82B3A61EB1ACB7006270D8 /* Debug */,
				CB82B3A71EB1ACB7006270D8 /* Release */,
			);
			defaultConfigurationIsVisible = 0;
			defaultConfigurationName = Release;
		};
/* End XCConfigurationList section */
	};
	rootObject = CB82B38B1EB1ACB7006270D8 /* Project object */;
}
